
Microsoft Visual Studio Solution File, Format Version 12.00
# Visual Studio Version 17
VisualStudioVersion = 17.9.34616.47
MinimumVisualStudioVersion = 10.0.40219.1
Project("{9A19103F-16F7-4668-BE54-9A1E7A4F7556}") = "CatalogAPI", "CatalogAPI\CatalogAPI.csproj", "{FD173A79-6D1A-485B-BB72-2EAA49DA43DF}"
EndProject
Global
	GlobalSection(SolutionConfigurationPlatforms) = preSolution
		Debug|Any CPU = Debug|Any CPU
		Release|Any CPU = Release|Any CPU
	EndGlobalSection
	GlobalSection(ProjectConfigurationPlatforms) = postSolution
		{FD173A79-6D1A-485B-BB72-2EAA49DA43DF}.Debug|Any CPU.ActiveCfg = Debug|Any CPU
		{FD173A79-6D1A-485B-BB72-2EAA49DA43DF}.Debug|Any CPU.Build.0 = Debug|Any CPU
		{FD173A79-6D1A-485B-BB72-2EAA49DA43DF}.Release|Any CPU.ActiveCfg = Release|Any CPU
		{FD173A79-6D1A-485B-BB72-2EAA49DA43DF}.Release|Any CPU.Build.0 = Release|Any CPU
	EndGlobalSection
	GlobalSection(SolutionProperties) = preSolution
		HideSolutionNode = FALSE
	EndGlobalSection
	GlobalSection(ExtensibilityGlobals) = postSolution
		SolutionGuid = {2F8E654B-7005-4453-86A2-DE8D9AFEDA62}
	EndGlobalSection
EndGlobal
